
Microsoft Visual Studio Solution File, Format Version 12.00
# Visual Studio 14
VisualStudioVersion = 14.0.25420.1
MinimumVisualStudioVersion = 10.0.40219.1
Project("{FAE04EC0-301F-11D3-BF4B-00C04F79EFBC}") = "Module6", "Module6\Module6.csproj", "{CC61BFE9-AFC2-44CB-AD84-1542833CA650}"
EndProject
Project("{FAE04EC0-301F-11D3-BF4B-00C04F79EFBC}") = "Module6_2", "Module6_2\Module6_2.csproj", "{A7FC5F4A-2F2F-4C97-886A-6F2311ACA84C}"
EndProject
Project("{FAE04EC0-301F-11D3-BF4B-00C04F79EFBC}") = "Module6_3", "Module6_3\Module6_3.csproj", "{AC4D3AD6-6266-48A8-BCD6-B9EB36813A7B}"
EndProject
Project("{FAE04EC0-301F-11D3-BF4B-00C04F79EFBC}") = "Module6_4", "Module6_4\Module6_4.csproj", "{D64979DB-C446-4707-8798-B5BF4A589B49}"
EndProject
Global
	GlobalSection(SolutionConfigurationPlatforms) = preSolution
		Debug|Any CPU = Debug|Any CPU
		Release|Any CPU = Release|Any CPU
	EndGlobalSection
	GlobalSection(ProjectConfigurationPlatforms) = postSolution
		{CC61BFE9-AFC2-44CB-AD84-1542833CA650}.Debug|Any CPU.ActiveCfg = Debug|Any CPU
		{CC61BFE9-AFC2-44CB-AD84-1542833CA650}.Debug|Any CPU.Build.0 = Debug|Any CPU
		{CC61BFE9-AFC2-44CB-AD84-1542833CA650}.Release|Any CPU.ActiveCfg = Release|Any CPU
		{CC61BFE9-AFC2-44CB-AD84-1542833CA650}.Release|Any CPU.Build.0 = Release|Any CPU
		{A7FC5F4A-2F2F-4C97-886A-6F2311ACA84C}.Debug|Any CPU.ActiveCfg = Debug|Any CPU
		{A7FC5F4A-2F2F-4C97-886A-6F2311ACA84C}.Debug|Any CPU.Build.0 = Debug|Any CPU
		{A7FC5F4A-2F2F-4C97-886A-6F2311ACA84C}.Release|Any CPU.ActiveCfg = Release|Any CPU
		{A7FC5F4A-2F2F-4C97-886A-6F2311ACA84C}.Release|Any CPU.Build.0 = Release|Any CPU
		{AC4D3AD6-6266-48A8-BCD6-B9EB36813A7B}.Debug|Any CPU.ActiveCfg = Debug|Any CPU
		{AC4D3AD6-6266-48A8-BCD6-B9EB36813A7B}.Debug|Any CPU.Build.0 = Debug|Any CPU
		{AC4D3AD6-6266-48A8-BCD6-B9EB36813A7B}.Release|Any CPU.ActiveCfg = Release|Any CPU
		{AC4D3AD6-6266-48A8-BCD6-B9EB36813A7B}.Release|Any CPU.Build.0 = Release|Any CPU
		{D64979DB-C446-4707-8798-B5BF4A589B49}.Debug|Any CPU.ActiveCfg = Debug|Any CPU
		{D64979DB-C446-4707-8798-B5BF4A589B49}.Debug|Any CPU.Build.0 = Debug|Any CPU
		{D64979DB-C446-4707-8798-B5BF4A589B49}.Release|Any CPU.ActiveCfg = Release|Any CPU
		{D64979DB-C446-4707-8798-B5BF4A589B49}.Release|Any CPU.Build.0 = Release|Any CPU
	EndGlobalSection
	GlobalSection(SolutionProperties) = preSolution
		HideSolutionNode = FALSE
	EndGlobalSection
EndGlobal
